
Microsoft Visual Studio Solution File, Format Version 12.00
# Visual Studio Version 16
VisualStudioVersion = 16.0.30907.101
MinimumVisualStudioVersion = 10.0.40219.1
Project("{FAE04EC0-301F-11D3-BF4B-00C04F79EFBC}") = "MVC Tutorials", "MVC .netFramework\MVC Tutorials.csproj", "{3AC4FC88-AA00-4005-8EAA-B1F7FE990ACB}"
EndProject
Global
	GlobalSection(SolutionConfigurationPlatforms) = preSolution
		Debug|Any CPU = Debug|Any CPU
		Release|Any CPU = Release|Any CPU
	EndGlobalSection
	GlobalSection(ProjectConfigurationPlatforms) = postSolution
		{3AC4FC88-AA00-4005-8EAA-B1F7FE990ACB}.Debug|Any CPU.ActiveCfg = Debug|Any CPU
		{3AC4FC88-AA00-4005-8EAA-B1F7FE990ACB}.Debug|Any CPU.Build.0 = Debug|Any CPU
		{3AC4FC88-AA00-4005-8EAA-B1F7FE990ACB}.Release|Any CPU.ActiveCfg = Release|Any CPU
		{3AC4FC88-AA00-4005-8EAA-B1F7FE990ACB}.Release|Any CPU.Build.0 = Release|Any CPU
	EndGlobalSection
	GlobalSection(SolutionProperties) = preSolution
		HideSolutionNode = FALSE
	EndGlobalSection
	GlobalSection(ExtensibilityGlobals) = postSolution
		SolutionGuid = {1733887B-0447-4324-AA4F-E0881A6DAAC7}
	EndGlobalSection
EndGlobal
